
Microsoft Visual Studio Solution File, Format Version 12.00
# Visual Studio Version 17
VisualStudioVersion = 17.11.34909.67
MinimumVisualStudioVersion = 10.0.40219.1
Project("{FAE04EC0-301F-11D3-BF4B-00C04F79EFBC}") = "QuiCLI", "QuiCLI\QuiCLI.csproj", "{D1CB5A84-3474-40A8-BF58-D7B7D410E0B5}"
EndProject
Project("{FAE04EC0-301F-11D3-BF4B-00C04F79EFBC}") = "QuiCLI.Tests", "QuiCLI.Tests\QuiCLI.Tests.csproj", "{DA3C8731-E550-4CE6-A4C8-5588A31C70F1}"
EndProject
Global
	GlobalSection(SolutionConfigurationPlatforms) = preSolution
		Debug|Any CPU = Debug|Any CPU
		Release|Any CPU = Release|Any CPU
	EndGlobalSection
	GlobalSection(ProjectConfigurationPlatforms) = postSolution
		{D1CB5A84-3474-40A8-BF58-D7B7D410E0B5}.Debug|Any CPU.ActiveCfg = Debug|Any CPU
		{D1CB5A84-3474-40A8-BF58-D7B7D410E0B5}.Debug|Any CPU.Build.0 = Debug|Any CPU
		{D1CB5A84-3474-40A8-BF58-D7B7D410E0B5}.Release|Any CPU.ActiveCfg = Release|Any CPU
		{D1CB5A84-3474-40A8-BF58-D7B7D410E0B5}.Release|Any CPU.Build.0 = Release|Any CPU
		{DA3C8731-E550-4CE6-A4C8-5588A31C70F1}.Debug|Any CPU.ActiveCfg = Debug|Any CPU
		{DA3C8731-E550-4CE6-A4C8-5588A31C70F1}.Debug|Any CPU.Build.0 = Debug|Any CPU
		{DA3C8731-E550-4CE6-A4C8-5588A31C70F1}.Release|Any CPU.ActiveCfg = Release|Any CPU
		{DA3C8731-E550-4CE6-A4C8-5588A31C70F1}.Release|Any CPU.Build.0 = Release|Any CPU
	EndGlobalSection
	GlobalSection(SolutionProperties) = preSolution
		HideSolutionNode = FALSE
	EndGlobalSection
	GlobalSection(ExtensibilityGlobals) = postSolution
		SolutionGuid = {7464D6E8-794F-49EA-A866-520C8FF8C78E}
	EndGlobalSection
EndGlobal
